
Microsoft Visual Studio Solution File, Format Version 12.00
Project("{FAE04EC0-301F-11D3-BF4B-00C04F79EFBC}") = "SteamScraper", "SteamScraper\SteamScraper.csproj", "{7C459C43-08D2-4AF2-BD6D-B436C3C4BF76}"
EndProject
Global
	GlobalSection(SolutionConfigurationPlatforms) = preSolution
		Debug|Any CPU = Debug|Any CPU
		Release|Any CPU = Release|Any CPU
	EndGlobalSection
	GlobalSection(ProjectConfigurationPlatforms) = postSolution
		{7C459C43-08D2-4AF2-BD6D-B436C3C4BF76}.Debug|Any CPU.ActiveCfg = Debug|Any CPU
		{7C459C43-08D2-4AF2-BD6D-B436C3C4BF76}.Debug|Any CPU.Build.0 = Debug|Any CPU
		{7C459C43-08D2-4AF2-BD6D-B436C3C4BF76}.Release|Any CPU.ActiveCfg = Release|Any CPU
		{7C459C43-08D2-4AF2-BD6D-B436C3C4BF76}.Release|Any CPU.Build.0 = Release|Any CPU
	EndGlobalSection
EndGlobal
